
Microsoft Visual Studio Solution File, Format Version 12.00
# Visual Studio Version 17
VisualStudioVersion = 17.6.33829.357
MinimumVisualStudioVersion = 10.0.40219.1
Project("{9A19103F-16F7-4668-BE54-9A1E7A4F7556}") = "mock", "mockController\mock.csproj", "{EEB7CB25-07D5-4951-B314-C16E41189451}"
EndProject
Project("{FAE04EC0-301F-11D3-BF4B-00C04F79EFBC}") = "mockTests", "mockTests\mockTests.csproj", "{B16E34F5-FE4A-4F3E-9C00-3FFAD1C960C8}"
EndProject
Global
	GlobalSection(SolutionConfigurationPlatforms) = preSolution
		Debug|Any CPU = Debug|Any CPU
		Release|Any CPU = Release|Any CPU
	EndGlobalSection
	GlobalSection(ProjectConfigurationPlatforms) = postSolution
		{EEB7CB25-07D5-4951-B314-C16E41189451}.Debug|Any CPU.ActiveCfg = Debug|Any CPU
		{EEB7CB25-07D5-4951-B314-C16E41189451}.Debug|Any CPU.Build.0 = Debug|Any CPU
		{EEB7CB25-07D5-4951-B314-C16E41189451}.Release|Any CPU.ActiveCfg = Release|Any CPU
		{EEB7CB25-07D5-4951-B314-C16E41189451}.Release|Any CPU.Build.0 = Release|Any CPU
		{B16E34F5-FE4A-4F3E-9C00-3FFAD1C960C8}.Debug|Any CPU.ActiveCfg = Debug|Any CPU
		{B16E34F5-FE4A-4F3E-9C00-3FFAD1C960C8}.Debug|Any CPU.Build.0 = Debug|Any CPU
		{B16E34F5-FE4A-4F3E-9C00-3FFAD1C960C8}.Release|Any CPU.ActiveCfg = Release|Any CPU
		{B16E34F5-FE4A-4F3E-9C00-3FFAD1C960C8}.Release|Any CPU.Build.0 = Release|Any CPU
	EndGlobalSection
	GlobalSection(SolutionProperties) = preSolution
		HideSolutionNode = FALSE
	EndGlobalSection
	GlobalSection(ExtensibilityGlobals) = postSolution
		SolutionGuid = {B12F4079-D1D9-49CC-BC07-0CDFBFC302E5}
	EndGlobalSection
EndGlobal
